Microsoft Visual Studio Solution File, Format Version 12.00
# Visual Studio Version 17
VisualStudioVersion = 17.5.2.0
MinimumVisualStudioVersion = 10.0.40219.1
Project("{FAE04EC0-301F-11D3-BF4B-00C04F79EFBC}") = "EventSphere", "EventSphere.csproj", "{5AADDFF5-D3BE-1B56-4CF7-6CD74F2BFAAA}"
EndProject
Global
	GlobalSection(SolutionConfigurationPlatforms) = preSolution
		Debug|Any CPU = Debug|Any CPU
		Release|Any CPU = Release|Any CPU
	EndGlobalSection
	GlobalSection(ProjectConfigurationPlatforms) = postSolution
		{5AADDFF5-D3BE-1B56-4CF7-6CD74F2BFAAA}.Debug|Any CPU.ActiveCfg = Debug|Any CPU
		{5AADDFF5-D3BE-1B56-4CF7-6CD74F2BFAAA}.Debug|Any CPU.Build.0 = Debug|Any CPU
		{5AADDFF5-D3BE-1B56-4CF7-6CD74F2BFAAA}.Release|Any CPU.ActiveCfg = Release|Any CPU
		{5AADDFF5-D3BE-1B56-4CF7-6CD74F2BFAAA}.Release|Any CPU.Build.0 = Release|Any CPU
	EndGlobalSection
	GlobalSection(SolutionProperties) = preSolution
		HideSolutionNode = FALSE
	EndGlobalSection
	GlobalSection(ExtensibilityGlobals) = postSolution
		SolutionGuid = {741072C3-6D57-4A1A-B854-D4ED03D5F178}
	EndGlobalSection
EndGlobal
